
Microsoft Visual Studio Solution File, Format Version 12.00
# Visual Studio Version 17
VisualStudioVersion = 17.5.33530.505
MinimumVisualStudioVersion = 10.0.40219.1
Project("{FAE04EC0-301F-11D3-BF4B-00C04F79EFBC}") = "Collections", "Collections\Collections.csproj", "{4E8C014A-80FF-4324-A31C-3CB2D8D346FE}"
EndProject
Global
	GlobalSection(SolutionConfigurationPlatforms) = preSolution
		Debug|Any CPU = Debug|Any CPU
		Release|Any CPU = Release|Any CPU
	EndGlobalSection
	GlobalSection(ProjectConfigurationPlatforms) = postSolution
		{4E8C014A-80FF-4324-A31C-3CB2D8D346FE}.Debug|Any CPU.ActiveCfg = Debug|Any CPU
		{4E8C014A-80FF-4324-A31C-3CB2D8D346FE}.Debug|Any CPU.Build.0 = Debug|Any CPU
		{4E8C014A-80FF-4324-A31C-3CB2D8D346FE}.Release|Any CPU.ActiveCfg = Release|Any CPU
		{4E8C014A-80FF-4324-A31C-3CB2D8D346FE}.Release|Any CPU.Build.0 = Release|Any CPU
	EndGlobalSection
	GlobalSection(SolutionProperties) = preSolution
		HideSolutionNode = FALSE
	EndGlobalSection
	GlobalSection(ExtensibilityGlobals) = postSolution
		SolutionGuid = {DD8FC8D6-A50B-4F04-86E2-48E51217D2CD}
	EndGlobalSection
EndGlobal
